
Microsoft Visual Studio Solution File, Format Version 12.00
# Visual Studio Version 17
VisualStudioVersion = 17.7.34024.191
MinimumVisualStudioVersion = 10.0.40219.1
Project("{FAE04EC0-301F-11D3-BF4B-00C04F79EFBC}") = "Abstraktioner", "Abstraktioner\Abstraktioner.csproj", "{781042E7-FD49-429D-B399-1568429ECACA}"
EndProject
Global
	GlobalSection(SolutionConfigurationPlatforms) = preSolution
		Debug|Any CPU = Debug|Any CPU
		Release|Any CPU = Release|Any CPU
	EndGlobalSection
	GlobalSection(ProjectConfigurationPlatforms) = postSolution
		{781042E7-FD49-429D-B399-1568429ECACA}.Debug|Any CPU.ActiveCfg = Debug|Any CPU
		{781042E7-FD49-429D-B399-1568429ECACA}.Debug|Any CPU.Build.0 = Debug|Any CPU
		{781042E7-FD49-429D-B399-1568429ECACA}.Release|Any CPU.ActiveCfg = Release|Any CPU
		{781042E7-FD49-429D-B399-1568429ECACA}.Release|Any CPU.Build.0 = Release|Any CPU
	EndGlobalSection
	GlobalSection(SolutionProperties) = preSolution
		HideSolutionNode = FALSE
	EndGlobalSection
	GlobalSection(ExtensibilityGlobals) = postSolution
		SolutionGuid = {5FA810A7-5957-4B91-91CA-64FC8483B5BA}
	EndGlobalSection
EndGlobal
